{
  "version": 4,
  "terraform_version": "1.0.5",
  "serial": 47,
  "lineage": "d511865f-5367-9811-5b5f-329ead71d986",
  "outputs": {},
  "resources": [
    {
      "mode": "managed",
      "type": "vcd_network_routed",
      "name": "net",
      "provider": "provider[\"registry.terraform.io/vmware/vcd\"]",
      "instances": [
        {
          "index_key": 0,
          "schema_version": 0,
          "attributes": {
            "description": "",
            "dhcp_pool": [],
            "dns1": "78.88.8.8",
            "dns2": "8.8.8.8",
            "dns_suffix": "",
            "edge_gateway": "SberCloud_Migration_Edge01",
            "gateway": "10.77.78.1",
            "href": "https://vcd.sbercloud.ru/api/network/5633d0bc-bde2-4de1-98be-c9982e416ae6",
            "id": "urn:vcloud:network:5633d0bc-bde2-4de1-98be-c9982e416ae6",
            "interface_type": "distributed",
            "name": "ter01",
            "netmask": "255.255.255.0",
            "org": null,
            "shared": false,
            "static_ip_pool": [],
            "vdc": null
          },
          "sensitive_attributes": [],
          "private": "bnVsbA=="
        },
        {
          "index_key": 1,
          "schema_version": 0,
          "attributes": {
            "description": "",
            "dhcp_pool": [],
            "dns1": "78.88.8.8",
            "dns2": "8.8.8.8",
            "dns_suffix": "",
            "edge_gateway": "SberCloud_Migration_Edge01",
            "gateway": "10.77.79.10",
            "href": "https://vcd.sbercloud.ru/api/network/382a5210-7a53-49bb-b3bc-7fafd7c47712",
            "id": "urn:vcloud:network:382a5210-7a53-49bb-b3bc-7fafd7c47712",
            "interface_type": "distributed",
            "name": "ter02",
            "netmask": "255.255.255.0",
            "org": null,
            "shared": false,
            "static_ip_pool": [],
            "vdc": null
          },
          "sensitive_attributes": [],
          "private": "bnVsbA=="
        }
      ]
    },
    {
      "mode": "managed",
      "type": "vcd_nsxv_firewall_rule",
      "name": "Rules",
      "provider": "provider[\"registry.terraform.io/vmware/vcd\"]",
      "instances": [
        {
          "index_key": 0,
          "schema_version": 0,
          "attributes": {
            "above_rule_id": null,
            "action": "accept",
            "destination": [
              {
                "exclude": false,
                "gateway_interfaces": [],
                "ip_addresses": [
                  "any"
                ],
                "ip_sets": [],
                "org_networks": [],
                "vm_ids": []
              }
            ],
            "edge_gateway": "SberCloud_Migration_Edge01",
            "enabled": true,
            "id": "141948",
            "logging_enabled": false,
            "name": "ter01 Internet Access",
            "org": null,
            "rule_tag": 141948,
            "rule_type": "user",
            "service": [
              {
                "port": "any",
                "protocol": "any",
                "source_port": "any"
              }
            ],
            "source": [
              {
                "exclude": false,
                "gateway_interfaces": [],
                "ip_addresses": [
                  "10.77.78.0/24"
                ],
                "ip_sets": [],
                "org_networks": [],
                "vm_ids": []
              }
            ],
            "vdc": null
          },
          "sensitive_attributes": [],
          "private": "bnVsbA=="
        },
        {
          "index_key": 1,
          "schema_version": 0,
          "attributes": {
            "above_rule_id": null,
            "action": "accept",
            "destination": [
              {
                "exclude": false,
                "gateway_interfaces": [],
                "ip_addresses": [
                  "any"
                ],
                "ip_sets": [],
                "org_networks": [],
                "vm_ids": []
              }
            ],
            "edge_gateway": "SberCloud_Migration_Edge01",
            "enabled": true,
            "id": "141949",
            "logging_enabled": false,
            "name": "ter02 Internet Access",
            "org": null,
            "rule_tag": 141949,
            "rule_type": "user",
            "service": [
              {
                "port": "any",
                "protocol": "any",
                "source_port": "any"
              }
            ],
            "source": [
              {
                "exclude": false,
                "gateway_interfaces": [],
                "ip_addresses": [
                  "10.77.79.0/24"
                ],
                "ip_sets": [],
                "org_networks": [],
                "vm_ids": []
              }
            ],
            "vdc": null
          },
          "sensitive_attributes": [],
          "private": "bnVsbA=="
        }
      ]
    },
    {
      "mode": "managed",
      "type": "vcd_nsxv_snat",
      "name": "web",
      "provider": "provider[\"registry.terraform.io/vmware/vcd\"]",
      "instances": [
        {
          "index_key": 0,
          "schema_version": 0,
          "attributes": {
            "description": "",
            "edge_gateway": "SberCloud_Migration_Edge01",
            "enabled": true,
            "id": "213301",
            "logging_enabled": false,
            "network_name": "b2-pclu01-ext-net-01",
            "network_type": "ext",
            "org": null,
            "original_address": "10.77.78.0/24",
            "rule_tag": 213301,
            "rule_type": "user",
            "translated_address": "45.89.226.1",
            "vdc": null
          },
          "sensitive_attributes": [],
          "private": "bnVsbA=="
        },
        {
          "index_key": 1,
          "schema_version": 0,
          "attributes": {
            "description": "",
            "edge_gateway": "SberCloud_Migration_Edge01",
            "enabled": true,
            "id": "213300",
            "logging_enabled": false,
            "network_name": "b2-pclu01-ext-net-01",
            "network_type": "ext",
            "org": null,
            "original_address": "10.77.79.0/24",
            "rule_tag": 213300,
            "rule_type": "user",
            "translated_address": "45.89.226.1",
            "vdc": null
          },
          "sensitive_attributes": [],
          "private": "bnVsbA=="
        }
      ]
    },
    {
      "mode": "managed",
      "type": "vcd_vapp",
      "name": "vm",
      "provider": "provider[\"registry.terraform.io/vmware/vcd\"]",
      "instances": [
        {
          "index_key": 0,
          "schema_version": 0,
          "attributes": {
            "description": "",
            "guest_properties": null,
            "href": "https://vcd.sbercloud.ru/api/vApp/vapp-648e20e2-b144-4a4b-ba4d-f9dda0fb97eb",
            "id": "urn:vcloud:vapp:648e20e2-b144-4a4b-ba4d-f9dda0fb97eb",
            "metadata": {},
            "name": "ter01",
            "org": null,
            "power_on": false,
            "status": 4,
            "status_text": "POWERED_ON",
            "vdc": null
          },
          "sensitive_attributes": [],
          "private": "bnVsbA==",
          "dependencies": [
            "vcd_network_routed.net"
          ]
        },
        {
          "index_key": 1,
          "schema_version": 0,
          "attributes": {
            "description": "",
            "guest_properties": null,
            "href": "https://vcd.sbercloud.ru/api/vApp/vapp-d180745e-f36e-4825-a954-180497dfe25c",
            "id": "urn:vcloud:vapp:d180745e-f36e-4825-a954-180497dfe25c",
            "metadata": {},
            "name": "ter02",
            "org": null,
            "power_on": false,
            "status": 4,
            "status_text": "POWERED_ON",
            "vdc": null
          },
          "sensitive_attributes": [],
          "private": "bnVsbA==",
          "dependencies": [
            "vcd_network_routed.net"
          ]
        },
        {
          "index_key": 2,
          "schema_version": 0,
          "attributes": {
            "description": "",
            "guest_properties": null,
            "href": "https://vcd.sbercloud.ru/api/vApp/vapp-4bfb6283-b353-4add-abb0-5a3c48666c35",
            "id": "urn:vcloud:vapp:4bfb6283-b353-4add-abb0-5a3c48666c35",
            "metadata": {},
            "name": "ter03",
            "org": null,
            "power_on": false,
            "status": 4,
            "status_text": "POWERED_ON",
            "vdc": null
          },
          "sensitive_attributes": [],
          "private": "bnVsbA==",
          "dependencies": [
            "vcd_network_routed.net"
          ]
        }
      ]
    }
  ]
}
