{
  "version": 4,
  "terraform_version": "1.0.5",
  "serial": 14,
  "lineage": "3a25c3d6-b1ac-0ecf-5aa4-577c5fd42c9f",
  "outputs": {},
  "resources": [
    {
      "mode": "managed",
      "type": "sbercloud_nat_gateway",
      "name": "nat_01",
      "provider": "provider[\"registry.terraform.io/sbercloud-terraform/sbercloud\"]",
      "instances": [
        {
          "index_key": 0,
          "schema_version": 0,
          "attributes": {
            "description": "NAT для маршрутизатора ter01",
            "enterprise_project_id": "0",
            "id": "27e62659-966d-47f7-84a4-8a68d042dc80",
            "internal_network_id": null,
            "name": "ter01-NAT",
            "region": "ru-moscow-1",
            "router_id": null,
            "spec": "1",
            "status": "ACTIVE",
            "subnet_id": "a0dbc1a0-25aa-4e06-a5ca-ad59a124cafd",
            "timeouts": null,
            "vpc_id": "a458606b-e2ae-431f-9ea1-4e112bfb1db5"
          },
          "sensitive_attributes": [],
          "private": "eyJlMmJmYjczMC1lY2FhLTExZTYtOGY4OC0zNDM2M2JjN2M0YzAiOnsiY3JlYXRlIjo2MDAwMDAwMDAwMDAsImRlbGV0ZSI6NjAwMDAwMDAwMDAwfX0=",
          "dependencies": [
            "sbercloud_vpc.vpc_01",
            "sbercloud_vpc_subnet.subnet_01"
          ]
        }
      ]
    },
    {
      "mode": "managed",
      "type": "sbercloud_nat_snat_rule",
      "name": "snat_subnet_01",
      "provider": "provider[\"registry.terraform.io/sbercloud-terraform/sbercloud\"]",
      "instances": [
        {
          "index_key": 0,
          "schema_version": 0,
          "attributes": {
            "cidr": "",
            "floating_ip_address": "46.243.142.239",
            "floating_ip_id": "03cd3f9a-76da-41e7-9642-e2b92ba61aeb",
            "id": "57dde6e4-26f8-44fe-99cf-cdfbc2b4760e",
            "nat_gateway_id": "27e62659-966d-47f7-84a4-8a68d042dc80",
            "network_id": null,
            "region": "ru-moscow-1",
            "source_type": 0,
            "status": "ACTIVE",
            "subnet_id": "a0dbc1a0-25aa-4e06-a5ca-ad59a124cafd",
            "timeouts": null
          },
          "sensitive_attributes": [],
          "private": "eyJlMmJmYjczMC1lY2FhLTExZTYtOGY4OC0zNDM2M2JjN2M0YzAiOnsiY3JlYXRlIjo2MDAwMDAwMDAwMDAsImRlbGV0ZSI6NjAwMDAwMDAwMDAwfX0=",
          "dependencies": [
            "sbercloud_nat_gateway.nat_01",
            "sbercloud_vpc.vpc_01",
            "sbercloud_vpc_eip.nat_eip",
            "sbercloud_vpc_subnet.subnet_01"
          ]
        },
        {
          "index_key": 1,
          "schema_version": 0,
          "attributes": {
            "cidr": "",
            "floating_ip_address": "46.243.142.239",
            "floating_ip_id": "03cd3f9a-76da-41e7-9642-e2b92ba61aeb",
            "id": "bef31cce-21f8-4f8a-af25-f02893ef9ce9",
            "nat_gateway_id": "27e62659-966d-47f7-84a4-8a68d042dc80",
            "network_id": null,
            "region": "ru-moscow-1",
            "source_type": 0,
            "status": "ACTIVE",
            "subnet_id": "887b3ec2-cdab-4571-bacb-d187e4711c06",
            "timeouts": null
          },
          "sensitive_attributes": [],
          "private": "eyJlMmJmYjczMC1lY2FhLTExZTYtOGY4OC0zNDM2M2JjN2M0YzAiOnsiY3JlYXRlIjo2MDAwMDAwMDAwMDAsImRlbGV0ZSI6NjAwMDAwMDAwMDAwfX0=",
          "dependencies": [
            "sbercloud_nat_gateway.nat_01",
            "sbercloud_vpc.vpc_01",
            "sbercloud_vpc_eip.nat_eip",
            "sbercloud_vpc_subnet.subnet_01"
          ]
        }
      ]
    },
    {
      "mode": "managed",
      "type": "sbercloud_vpc",
      "name": "vpc_01",
      "provider": "provider[\"registry.terraform.io/sbercloud-terraform/sbercloud\"]",
      "instances": [
        {
          "index_key": 0,
          "schema_version": 0,
          "attributes": {
            "cidr": "10.10.0.0/16",
            "enterprise_project_id": "0",
            "id": "a458606b-e2ae-431f-9ea1-4e112bfb1db5",
            "name": "ter01",
            "region": "ru-moscow-1",
            "routes": [],
            "shared": null,
            "status": "OK",
            "tags": {},
            "timeouts": null
          },
          "sensitive_attributes": [],
          "private": "eyJlMmJmYjczMC1lY2FhLTExZTYtOGY4OC0zNDM2M2JjN2M0YzAiOnsiY3JlYXRlIjo2MDAwMDAwMDAwMDAsImRlbGV0ZSI6MTgwMDAwMDAwMDAwfX0="
        }
      ]
    },
    {
      "mode": "managed",
      "type": "sbercloud_vpc_eip",
      "name": "nat_eip",
      "provider": "provider[\"registry.terraform.io/sbercloud-terraform/sbercloud\"]",
      "instances": [
        {
          "schema_version": 0,
          "attributes": {
            "address": "46.243.142.239",
            "auto_renew": null,
            "bandwidth": [
              {
                "charge_mode": "bandwidth",
                "id": "78bce57b-8a0b-41eb-954b-614202ec885e",
                "name": "nat_bandwidth",
                "share_type": "PER",
                "size": 4
              }
            ],
            "charging_mode": null,
            "enterprise_project_id": "0",
            "id": "03cd3f9a-76da-41e7-9642-e2b92ba61aeb",
            "period": null,
            "period_unit": null,
            "publicip": [
              {
                "ip_address": "46.243.142.239",
                "port_id": "",
                "type": "5_bgp"
              }
            ],
            "region": "ru-moscow-1",
            "status": "UNBOUND",
            "tags": {},
            "timeouts": null
          },
          "sensitive_attributes": [],
          "private": "eyJlMmJmYjczMC1lY2FhLTExZTYtOGY4OC0zNDM2M2JjN2M0YzAiOnsiY3JlYXRlIjo2MDAwMDAwMDAwMDAsImRlbGV0ZSI6NjAwMDAwMDAwMDAwfX0="
        }
      ]
    },
    {
      "mode": "managed",
      "type": "sbercloud_vpc_subnet",
      "name": "subnet_01",
      "provider": "provider[\"registry.terraform.io/sbercloud-terraform/sbercloud\"]",
      "instances": [
        {
          "index_key": 0,
          "schema_version": 0,
          "attributes": {
            "availability_zone": "",
            "cidr": "10.10.10.0/24",
            "dhcp_enable": true,
            "dns_list": [
              "100.125.13.59",
              "8.8.8.8"
            ],
            "gateway_ip": "10.10.10.10",
            "id": "a0dbc1a0-25aa-4e06-a5ca-ad59a124cafd",
            "ipv6_cidr": "",
            "ipv6_enable": false,
            "ipv6_gateway": "",
            "ipv6_subnet_id": "",
            "name": "Net10-10",
            "primary_dns": "100.125.13.59",
            "region": "ru-moscow-1",
            "secondary_dns": "8.8.8.8",
            "subnet_id": "a37f6f4b-0cf6-4cc8-95ca-3b191a10adc9",
            "tags": null,
            "timeouts": null,
            "vpc_id": "a458606b-e2ae-431f-9ea1-4e112bfb1db5"
          },
          "sensitive_attributes": [],
          "private": "eyJlMmJmYjczMC1lY2FhLTExZTYtOGY4OC0zNDM2M2JjN2M0YzAiOnsiY3JlYXRlIjo2MDAwMDAwMDAwMDAsImRlbGV0ZSI6NjAwMDAwMDAwMDAwfX0=",
          "dependencies": [
            "sbercloud_vpc.vpc_01"
          ]
        },
        {
          "index_key": 1,
          "schema_version": 0,
          "attributes": {
            "availability_zone": "",
            "cidr": "10.10.11.0/24",
            "dhcp_enable": true,
            "dns_list": [
              "100.125.13.59",
              "8.8.8.8"
            ],
            "gateway_ip": "10.10.11.10",
            "id": "887b3ec2-cdab-4571-bacb-d187e4711c06",
            "ipv6_cidr": "",
            "ipv6_enable": false,
            "ipv6_gateway": "",
            "ipv6_subnet_id": "",
            "name": "Net10-11",
            "primary_dns": "100.125.13.59",
            "region": "ru-moscow-1",
            "secondary_dns": "8.8.8.8",
            "subnet_id": "a03559de-dd2a-4956-9af9-e5b4bba32a78",
            "tags": null,
            "timeouts": null,
            "vpc_id": "a458606b-e2ae-431f-9ea1-4e112bfb1db5"
          },
          "sensitive_attributes": [],
          "private": "eyJlMmJmYjczMC1lY2FhLTExZTYtOGY4OC0zNDM2M2JjN2M0YzAiOnsiY3JlYXRlIjo2MDAwMDAwMDAwMDAsImRlbGV0ZSI6NjAwMDAwMDAwMDAwfX0=",
          "dependencies": [
            "sbercloud_vpc.vpc_01"
          ]
        }
      ]
    }
  ]
}
